
Microsoft Visual Studio Solution File, Format Version 12.00
# Visual Studio Version 17
VisualStudioVersion = 17.5.33627.172
MinimumVisualStudioVersion = 10.0.40219.1
Project("{F184B08F-C81C-45F6-A57F-5ABD9991F28F}") = "Project2Framework", "Project2Framework\Project2Framework.vbproj", "{29D49899-B48B-4EB7-B78C-931F1BA34A02}"
EndProject
Global
	GlobalSection(SolutionConfigurationPlatforms) = preSolution
		Debug|Any CPU = Debug|Any CPU
		Release|Any CPU = Release|Any CPU
	EndGlobalSection
	GlobalSection(ProjectConfigurationPlatforms) = postSolution
		{29D49899-B48B-4EB7-B78C-931F1BA34A02}.Debug|Any CPU.ActiveCfg = Debug|Any CPU
		{29D49899-B48B-4EB7-B78C-931F1BA34A02}.Debug|Any CPU.Build.0 = Debug|Any CPU
		{29D49899-B48B-4EB7-B78C-931F1BA34A02}.Release|Any CPU.ActiveCfg = Release|Any CPU
		{29D49899-B48B-4EB7-B78C-931F1BA34A02}.Release|Any CPU.Build.0 = Release|Any CPU
	EndGlobalSection
	GlobalSection(SolutionProperties) = preSolution
		HideSolutionNode = FALSE
	EndGlobalSection
	GlobalSection(ExtensibilityGlobals) = postSolution
		SolutionGuid = {5529FC25-4B7F-4290-A636-3A2EF866E1FE}
	EndGlobalSection
EndGlobal
